
Microsoft Visual Studio Solution File, Format Version 11.00
# Visual Studio 10
Project("{FAE04EC0-301F-11D3-BF4B-00C04F79EFBC}") = "gomrok1", "gomrok1.csproj", "{B60069B3-C67B-4AAC-A9C3-EC7BCFD98994}"
EndProject
Global
	GlobalSection(SolutionConfigurationPlatforms) = preSolution
		Debug|Any CPU = Debug|Any CPU
		Release|Any CPU = Release|Any CPU
	EndGlobalSection
	GlobalSection(ProjectConfigurationPlatforms) = postSolution
		{B60069B3-C67B-4AAC-A9C3-EC7BCFD98994}.Debug|Any CPU.ActiveCfg = Debug|Any CPU
		{B60069B3-C67B-4AAC-A9C3-EC7BCFD98994}.Debug|Any CPU.Build.0 = Debug|Any CPU
		{B60069B3-C67B-4AAC-A9C3-EC7BCFD98994}.Release|Any CPU.ActiveCfg = Release|Any CPU
		{B60069B3-C67B-4AAC-A9C3-EC7BCFD98994}.Release|Any CPU.Build.0 = Release|Any CPU
	EndGlobalSection
	GlobalSection(SolutionProperties) = preSolution
		HideSolutionNode = FALSE
	EndGlobalSection
EndGlobal
